
Microsoft Visual Studio Solution File, Format Version 12.00
# Visual Studio Version 17
VisualStudioVersion = 17.4.32804.182
MinimumVisualStudioVersion = 10.0.40219.1
Project("{9A19103F-16F7-4668-BE54-9A1E7A4F7556}") = "IdentityServer4Demo", "IdentityServer4Demo.csproj", "{176767BD-6403-41CF-9B96-C24D16A68402}"
EndProject
Global
	GlobalSection(SolutionConfigurationPlatforms) = preSolution
		Debug|Any CPU = Debug|Any CPU
		Release|Any CPU = Release|Any CPU
	EndGlobalSection
	GlobalSection(ProjectConfigurationPlatforms) = postSolution
		{176767BD-6403-41CF-9B96-C24D16A68402}.Debug|Any CPU.ActiveCfg = Debug|Any CPU
		{176767BD-6403-41CF-9B96-C24D16A68402}.Debug|Any CPU.Build.0 = Debug|Any CPU
		{176767BD-6403-41CF-9B96-C24D16A68402}.Release|Any CPU.ActiveCfg = Release|Any CPU
		{176767BD-6403-41CF-9B96-C24D16A68402}.Release|Any CPU.Build.0 = Release|Any CPU
	EndGlobalSection
	GlobalSection(SolutionProperties) = preSolution
		HideSolutionNode = FALSE
	EndGlobalSection
	GlobalSection(ExtensibilityGlobals) = postSolution
		SolutionGuid = {33471FA1-AB99-4C24-B1FB-229BEDD3DBA5}
	EndGlobalSection
EndGlobal
